// !$*UTF8*$!
{
	archiveVersion = 1;
	classes = {
	};
	objectVersion = 50;
	objects = {

/* Begin PBXBuildFile section */
		B212867C25B1B29700557221 /* Wots4TApp.swift in Sources */ = {isa = PBXBuildFile; fileRef = B212867B25B1B29700557221 /* Wots4TApp.swift */; };
		B212867E25B1B29700557221 /* Meal List View.swift in Sources */ = {isa = PBXBuildFile; fileRef = B212867D25B1B29700557221 /* Meal List View.swift */; };
		B212868025B1B29800557221 /* Assets.xcassets in Resources */ = {isa = PBXBuildFile; fileRef = B212867F25B1B29800557221 /* Assets.xcassets */; };
		B212868325B1B29800557221 /* Preview Assets.xcassets in Resources */ = {isa = PBXBuildFile; fileRef = B212868225B1B29800557221 /* Preview Assets.xcassets */; };
		B212868525B1B29800557221 /* Persistence.swift in Sources */ = {isa = PBXBuildFile; fileRef = B212868425B1B29800557221 /* Persistence.swift */; };
		B212868825B1B29800557221 /* Wots4T.xcdatamodeld in Sources */ = {isa = PBXBuildFile; fileRef = B212868625B1B29800557221 /* Wots4T.xcdatamodeld */; };
		B216445E25D6A84A00F19F4A /* Category View Model.swift in Sources */ = {isa = PBXBuildFile; fileRef = B216445D25D6A84A00F19F4A /* Category View Model.swift */; };
		B216446125D6A86400F19F4A /* Category Value View Model.swift in Sources */ = {isa = PBXBuildFile; fileRef = B216446025D6A86400F19F4A /* Category Value View Model.swift */; };
		B233B3B125D453F4002EFB3A /* Input.swift in Sources */ = {isa = PBXBuildFile; fileRef = B233B3B025D453F4002EFB3A /* Input.swift */; };
		B233B3B425D45425002EFB3A /* Add Image.swift in Sources */ = {isa = PBXBuildFile; fileRef = B233B3B325D45425002EFB3A /* Add Image.swift */; };
		B233B3BF25D5292B002EFB3A /* Image Capture.swift in Sources */ = {isa = PBXBuildFile; fileRef = B233B3BE25D5292B002EFB3A /* Image Capture.swift */; };
		B233B3CB25D6A21D002EFB3A /* Category Managed Object.swift in Sources */ = {isa = PBXBuildFile; fileRef = B233B3CA25D6A21D002EFB3A /* Category Managed Object.swift */; };
		B233B3CF25D6A22C002EFB3A /* Category Value Managed Object.swift in Sources */ = {isa = PBXBuildFile; fileRef = B233B3CE25D6A22C002EFB3A /* Category Value Managed Object.swift */; };
		B256F1B325CAC3C300EA1948 /* Day Number.swift in Sources */ = {isa = PBXBuildFile; fileRef = B256F1B225CAC3C300EA1948 /* Day Number.swift */; };
		B256F1B725CC3E1D00EA1948 /* Link Presentation.swift in Sources */ = {isa = PBXBuildFile; fileRef = B256F1B625CC3E1D00EA1948 /* Link Presentation.swift */; };
		B256F1BC25CC710700EA1948 /* Meal Summary View.swift in Sources */ = {isa = PBXBuildFile; fileRef = B256F1BB25CC710700EA1948 /* Meal Summary View.swift */; };
		B256F1BF25CD451600EA1948 /* Utility.swift in Sources */ = {isa = PBXBuildFile; fileRef = B256F1BE25CD451600EA1948 /* Utility.swift */; };
		B256F1C225CD4C4400EA1948 /* Banner.swift in Sources */ = {isa = PBXBuildFile; fileRef = B256F1C125CD4C4400EA1948 /* Banner.swift */; };
		B256F1C925CDA42000EA1948 /* Meal Edit View.swift in Sources */ = {isa = PBXBuildFile; fileRef = B256F1C825CDA42000EA1948 /* Meal Edit View.swift */; };
		B26BA08125C827E500C26B69 /* Allocation Managed Object.swift in Sources */ = {isa = PBXBuildFile; fileRef = B26BA08025C827E500C26B69 /* Allocation Managed Object.swift */; };
		B26BA08525C82AAE00C26B69 /* Declarations.swift in Sources */ = {isa = PBXBuildFile; fileRef = B26BA08425C82AAE00C26B69 /* Declarations.swift */; };
		B26BA08925C82E9A00C26B69 /* String Extensions.swift in Sources */ = {isa = PBXBuildFile; fileRef = B26BA08825C82E9A00C26B69 /* String Extensions.swift */; };
		B26BA08D25C82F2400C26B69 /* Other Extensions.swift in Sources */ = {isa = PBXBuildFile; fileRef = B26BA08C25C82F2400C26B69 /* Other Extensions.swift */; };
		B26BA09025C8554B00C26B69 /* Calendar View.swift in Sources */ = {isa = PBXBuildFile; fileRef = B26BA08F25C8554B00C26B69 /* Calendar View.swift */; };
		B26BA09525C861FC00C26B69 /* Date Extensions.swift in Sources */ = {isa = PBXBuildFile; fileRef = B26BA09425C861FC00C26B69 /* Date Extensions.swift */; };
		B26BA09825C96E3E00C26B69 /* Allocation View Model.swift in Sources */ = {isa = PBXBuildFile; fileRef = B26BA09725C96E3E00C26B69 /* Allocation View Model.swift */; };
		B26F5F4725D92198002B48EE /* Category Value Edit View.swift in Sources */ = {isa = PBXBuildFile; fileRef = B26F5F4625D92198002B48EE /* Category Value Edit View.swift */; };
		B26F5F4B25D921D9002B48EE /* Category Edit View.swift in Sources */ = {isa = PBXBuildFile; fileRef = B26F5F4A25D921D9002B48EE /* Category Edit View.swift */; };
		B26F5F4F25D927A2002B48EE /* Picker Input.swift in Sources */ = {isa = PBXBuildFile; fileRef = B26F5F4E25D927A2002B48EE /* Picker Input.swift */; };
		B26F5F5225D95197002B48EE /* Category Value List View.swift in Sources */ = {isa = PBXBuildFile; fileRef = B26F5F5125D95197002B48EE /* Category Value List View.swift */; };
		B26F5F5725D95649002B48EE /* Input Title.swift in Sources */ = {isa = PBXBuildFile; fileRef = B26F5F5625D95649002B48EE /* Input Title.swift */; };
		B26F5F6025DAC03D002B48EE /* Preview Data.swift in Sources */ = {isa = PBXBuildFile; fileRef = B26F5F5F25DAC03D002B48EE /* Preview Data.swift */; };
		B26F5F6325DAC2CA002B48EE /* Meal Display View.swift in Sources */ = {isa = PBXBuildFile; fileRef = B26F5F6225DAC2CA002B48EE /* Meal Display View.swift */; };
		B2844F7725B5F6370010A04C /* Meal View Model.swift in Sources */ = {isa = PBXBuildFile; fileRef = B2844F7625B5F6370010A04C /* Meal View Model.swift */; };
		B2844F9625B5FF010010A04C /* Meal Managed Object.swift in Sources */ = {isa = PBXBuildFile; fileRef = B2844F9425B5FF010010A04C /* Meal Managed Object.swift */; };
		B2844FA025B6DFAB0010A04C /* Meal Category Value Managed Object.swift in Sources */ = {isa = PBXBuildFile; fileRef = B2844F9E25B6DFAB0010A04C /* Meal Category Value Managed Object.swift */; };
		B2844FA825B99F300010A04C /* Core Data.swift in Sources */ = {isa = PBXBuildFile; fileRef = B2844FA725B99F300010A04C /* Core Data.swift */; };
		B2844FAC25B9A0220010A04C /* DataModel.swift in Sources */ = {isa = PBXBuildFile; fileRef = B2844FAB25B9A0220010A04C /* DataModel.swift */; };
		B2C678EA25E26AA6003E5DE8 /* Palette.swift in Sources */ = {isa = PBXBuildFile; fileRef = B2C678E925E26AA6003E5DE8 /* Palette.swift */; };
		B2C678ED25E26AD8003E5DE8 /* Themes.swift in Sources */ = {isa = PBXBuildFile; fileRef = B2C678EC25E26AD8003E5DE8 /* Themes.swift */; };
		B2C678F025E3AFC6003E5DE8 /* Separator.swift in Sources */ = {isa = PBXBuildFile; fileRef = B2C678EF25E3AFC6003E5DE8 /* Separator.swift */; };
		B2C678FC25E4E7B2003E5DE8 /* CloudKit.framework in Frameworks */ = {isa = PBXBuildFile; fileRef = B2C678FB25E4E7B2003E5DE8 /* CloudKit.framework */; };
		B2DC95A525E019D500FDE49D /* Meal Attachment Managed Object.swift in Sources */ = {isa = PBXBuildFile; fileRef = B2DC95A425E019D500FDE49D /* Meal Attachment Managed Object.swift */; };
		B2DC95A925E01CA600FDE49D /* Attachment View Model.swift in Sources */ = {isa = PBXBuildFile; fileRef = B2DC95A825E01CA600FDE49D /* Attachment View Model.swift */; };
		B2DC95AE25E02AC900FDE49D /* Attachment View.swift in Sources */ = {isa = PBXBuildFile; fileRef = B2DC95AD25E02AC900FDE49D /* Attachment View.swift */; };
		B2F0AEC225E6463E0021FBDB /* Swipe Gestures.swift in Sources */ = {isa = PBXBuildFile; fileRef = B2F0AEC125E6463E0021FBDB /* Swipe Gestures.swift */; };
		B2F0AEC525E6CFDF0021FBDB /* Utility Extension.swift in Sources */ = {isa = PBXBuildFile; fileRef = B2F0AEC425E6CFDF0021FBDB /* Utility Extension.swift */; };
		B2FABBFE25D6EC760008859E /* Category List View.swift in Sources */ = {isa = PBXBuildFile; fileRef = B2FABBFD25D6EC760008859E /* Category List View.swift */; };
/* End PBXBuildFile section */

/* Begin PBXFileReference section */
		B212867825B1B29700557221 /* Wots4T.app */ = {isa = PBXFileReference; explicitFileType = wrapper.application; includeInIndex = 0; path = Wots4T.app; sourceTree = BUILT_PRODUCTS_DIR; };
		B212867B25B1B29700557221 /* Wots4TApp.swift */ = {isa = PBXFileReference; lastKnownFileType = sourcecode.swift; path = Wots4TApp.swift; sourceTree = "<group>"; };
		B212867D25B1B29700557221 /* Meal List View.swift */ = {isa = PBXFileReference; lastKnownFileType = sourcecode.swift; path = "Meal List View.swift"; sourceTree = "<group>"; };
		B212867F25B1B29800557221 /* Assets.xcassets */ = {isa = PBXFileReference; lastKnownFileType = folder.assetcatalog; path = Assets.xcassets; sourceTree = "<group>"; };
		B212868225B1B29800557221 /* Preview Assets.xcassets */ = {isa = PBXFileReference; lastKnownFileType = folder.assetcatalog; path = "Preview Assets.xcassets"; sourceTree = "<group>"; };
		B212868425B1B29800557221 /* Persistence.swift */ = {isa = PBXFileReference; lastKnownFileType = sourcecode.swift; path = Persistence.swift; sourceTree = "<group>"; };
		B212868725B1B29800557221 /* Wots4T.xcdatamodel */ = {isa = PBXFileReference; lastKnownFileType = wrapper.xcdatamodel; path = Wots4T.xcdatamodel; sourceTree = "<group>"; };
		B212868925B1B29800557221 /* Info.plist */ = {isa = PBXFileReference; lastKnownFileType = text.plist.xml; path = Info.plist; sourceTree = "<group>"; };
		B216445D25D6A84A00F19F4A /* Category View Model.swift */ = {isa = PBXFileReference; lastKnownFileType = sourcecode.swift; path = "Category View Model.swift"; sourceTree = "<group>"; };
		B216446025D6A86400F19F4A /* Category Value View Model.swift */ = {isa = PBXFileReference; lastKnownFileType = sourcecode.swift; path = "Category Value View Model.swift"; sourceTree = "<group>"; };
		B233B3B025D453F4002EFB3A /* Input.swift */ = {isa = PBXFileReference; lastKnownFileType = sourcecode.swift; path = Input.swift; sourceTree = "<group>"; };
		B233B3B325D45425002EFB3A /* Add Image.swift */ = {isa = PBXFileReference; lastKnownFileType = sourcecode.swift; path = "Add Image.swift"; sourceTree = "<group>"; };
		B233B3BE25D5292B002EFB3A /* Image Capture.swift */ = {isa = PBXFileReference; lastKnownFileType = sourcecode.swift; path = "Image Capture.swift"; sourceTree = "<group>"; };
		B233B3CA25D6A21D002EFB3A /* Category Managed Object.swift */ = {isa = PBXFileReference; lastKnownFileType = sourcecode.swift; path = "Category Managed Object.swift"; sourceTree = "<group>"; };
		B233B3CE25D6A22C002EFB3A /* Category Value Managed Object.swift */ = {isa = PBXFileReference; lastKnownFileType = sourcecode.swift; path = "Category Value Managed Object.swift"; sourceTree = "<group>"; };
		B256F1B225CAC3C300EA1948 /* Day Number.swift */ = {isa = PBXFileReference; lastKnownFileType = sourcecode.swift; path = "Day Number.swift"; sourceTree = "<group>"; };
		B256F1B625CC3E1D00EA1948 /* Link Presentation.swift */ = {isa = PBXFileReference; lastKnownFileType = sourcecode.swift; path = "Link Presentation.swift"; sourceTree = "<group>"; };
		B256F1BB25CC710700EA1948 /* Meal Summary View.swift */ = {isa = PBXFileReference; lastKnownFileType = sourcecode.swift; path = "Meal Summary View.swift"; sourceTree = "<group>"; };
		B256F1BE25CD451600EA1948 /* Utility.swift */ = {isa = PBXFileReference; lastKnownFileType = sourcecode.swift; path = Utility.swift; sourceTree = "<group>"; };
		B256F1C125CD4C4400EA1948 /* Banner.swift */ = {isa = PBXFileReference; lastKnownFileType = sourcecode.swift; path = Banner.swift; sourceTree = "<group>"; };
		B256F1C825CDA42000EA1948 /* Meal Edit View.swift */ = {isa = PBXFileReference; lastKnownFileType = sourcecode.swift; path = "Meal Edit View.swift"; sourceTree = "<group>"; };
		B26BA08025C827E500C26B69 /* Allocation Managed Object.swift */ = {isa = PBXFileReference; lastKnownFileType = sourcecode.swift; path = "Allocation Managed Object.swift"; sourceTree = "<group>"; };
		B26BA08425C82AAE00C26B69 /* Declarations.swift */ = {isa = PBXFileReference; lastKnownFileType = sourcecode.swift; path = Declarations.swift; sourceTree = "<group>"; };
		B26BA08825C82E9A00C26B69 /* String Extensions.swift */ = {isa = PBXFileReference; lastKnownFileType = sourcecode.swift; path = "String Extensions.swift"; sourceTree = "<group>"; };
		B26BA08C25C82F2400C26B69 /* Other Extensions.swift */ = {isa = PBXFileReference; lastKnownFileType = sourcecode.swift; path = "Other Extensions.swift"; sourceTree = "<group>"; };
		B26BA08F25C8554B00C26B69 /* Calendar View.swift */ = {isa = PBXFileReference; lastKnownFileType = sourcecode.swift; path = "Calendar View.swift"; sourceTree = "<group>"; };
		B26BA09425C861FC00C26B69 /* Date Extensions.swift */ = {isa = PBXFileReference; lastKnownFileType = sourcecode.swift; path = "Date Extensions.swift"; sourceTree = "<group>"; };
		B26BA09725C96E3E00C26B69 /* Allocation View Model.swift */ = {isa = PBXFileReference; lastKnownFileType = sourcecode.swift; path = "Allocation View Model.swift"; sourceTree = "<group>"; };
		B26F5F4625D92198002B48EE /* Category Value Edit View.swift */ = {isa = PBXFileReference; lastKnownFileType = sourcecode.swift; path = "Category Value Edit View.swift"; sourceTree = "<group>"; };
		B26F5F4A25D921D9002B48EE /* Category Edit View.swift */ = {isa = PBXFileReference; lastKnownFileType = sourcecode.swift; path = "Category Edit View.swift"; sourceTree = "<group>"; };
		B26F5F4E25D927A2002B48EE /* Picker Input.swift */ = {isa = PBXFileReference; lastKnownFileType = sourcecode.swift; path = "Picker Input.swift"; sourceTree = "<group>"; };
		B26F5F5125D95197002B48EE /* Category Value List View.swift */ = {isa = PBXFileReference; lastKnownFileType = sourcecode.swift; path = "Category Value List View.swift"; sourceTree = "<group>"; };
		B26F5F5625D95649002B48EE /* Input Title.swift */ = {isa = PBXFileReference; lastKnownFileType = sourcecode.swift; path = "Input Title.swift"; sourceTree = "<group>"; };
		B26F5F5F25DAC03D002B48EE /* Preview Data.swift */ = {isa = PBXFileReference; lastKnownFileType = sourcecode.swift; path = "Preview Data.swift"; sourceTree = "<group>"; };
		B26F5F6225DAC2CA002B48EE /* Meal Display View.swift */ = {isa = PBXFileReference; lastKnownFileType = sourcecode.swift; path = "Meal Display View.swift"; sourceTree = "<group>"; };
		B2844F7625B5F6370010A04C /* Meal View Model.swift */ = {isa = PBXFileReference; lastKnownFileType = sourcecode.swift; path = "Meal View Model.swift"; sourceTree = "<group>"; };
		B2844F9425B5FF010010A04C /* Meal Managed Object.swift */ = {isa = PBXFileReference; lastKnownFileType = sourcecode.swift; path = "Meal Managed Object.swift"; sourceTree = SOURCE_ROOT; };
		B2844F9E25B6DFAB0010A04C /* Meal Category Value Managed Object.swift */ = {isa = PBXFileReference; lastKnownFileType = sourcecode.swift; path = "Meal Category Value Managed Object.swift"; sourceTree = SOURCE_ROOT; };
		B2844FA725B99F300010A04C /* Core Data.swift */ = {isa = PBXFileReference; lastKnownFileType = sourcecode.swift; path = "Core Data.swift"; sourceTree = "<group>"; };
		B2844FAB25B9A0220010A04C /* DataModel.swift */ = {isa = PBXFileReference; lastKnownFileType = sourcecode.swift; path = DataModel.swift; sourceTree = "<group>"; };
		B2C678E925E26AA6003E5DE8 /* Palette.swift */ = {isa = PBXFileReference; fileEncoding = 4; lastKnownFileType = sourcecode.swift; path = Palette.swift; sourceTree = "<group>"; };
		B2C678EC25E26AD8003E5DE8 /* Themes.swift */ = {isa = PBXFileReference; fileEncoding = 4; lastKnownFileType = sourcecode.swift; path = Themes.swift; sourceTree = "<group>"; };
		B2C678EF25E3AFC6003E5DE8 /* Separator.swift */ = {isa = PBXFileReference; lastKnownFileType = sourcecode.swift; path = Separator.swift; sourceTree = "<group>"; };
		B2C678F825E4E7AA003E5DE8 /* Wots4T.entitlements */ = {isa = PBXFileReference; lastKnownFileType = text.plist.entitlements; path = Wots4T.entitlements; sourceTree = "<group>"; };
		B2C678FB25E4E7B2003E5DE8 /* CloudKit.framework */ = {isa = PBXFileReference; lastKnownFileType = wrapper.framework; name = CloudKit.framework; path = System/Library/Frameworks/CloudKit.framework; sourceTree = SDKROOT; };
		B2DC95A425E019D500FDE49D /* Meal Attachment Managed Object.swift */ = {isa = PBXFileReference; lastKnownFileType = sourcecode.swift; path = "Meal Attachment Managed Object.swift"; sourceTree = "<group>"; };
		B2DC95A825E01CA600FDE49D /* Attachment View Model.swift */ = {isa = PBXFileReference; lastKnownFileType = sourcecode.swift; path = "Attachment View Model.swift"; sourceTree = "<group>"; };
		B2DC95AD25E02AC900FDE49D /* Attachment View.swift */ = {isa = PBXFileReference; lastKnownFileType = sourcecode.swift; path = "Attachment View.swift"; sourceTree = "<group>"; };
		B2F0AEC125E6463E0021FBDB /* Swipe Gestures.swift */ = {isa = PBXFileReference; lastKnownFileType = sourcecode.swift; path = "Swipe Gestures.swift"; sourceTree = "<group>"; };
		B2F0AEC425E6CFDF0021FBDB /* Utility Extension.swift */ = {isa = PBXFileReference; lastKnownFileType = sourcecode.swift; path = "Utility Extension.swift"; sourceTree = "<group>"; };
		B2FABBFD25D6EC760008859E /* Category List View.swift */ = {isa = PBXFileReference; lastKnownFileType = sourcecode.swift; path = "Category List View.swift"; sourceTree = "<group>"; };
/* End PBXFileReference section */

/* Begin PBXFrameworksBuildPhase section */
		B212867525B1B29700557221 /* Frameworks */ = {
			isa = PBXFrameworksBuildPhase;
			buildActionMask = 2147483647;
			files = (
				B2C678FC25E4E7B2003E5DE8 /* CloudKit.framework in Frameworks */,
			);
			runOnlyForDeploymentPostprocessing = 0;
		};
/* End PBXFrameworksBuildPhase section */

/* Begin PBXGroup section */
		B212866F25B1B29700557221 = {
			isa = PBXGroup;
			children = (
				B212867A25B1B29700557221 /* Wots4T */,
				B212867925B1B29700557221 /* Products */,
				B2C678FA25E4E7B2003E5DE8 /* Frameworks */,
			);
			sourceTree = "<group>";
		};
		B212867925B1B29700557221 /* Products */ = {
			isa = PBXGroup;
			children = (
				B212867825B1B29700557221 /* Wots4T.app */,
			);
			name = Products;
			sourceTree = "<group>";
		};
		B212867A25B1B29700557221 /* Wots4T */ = {
			isa = PBXGroup;
			children = (
				B2C678F825E4E7AA003E5DE8 /* Wots4T.entitlements */,
				B2844F6C25B5F3CB0010A04C /* Standard Components */,
				B26BA08325C82A7F00C26B69 /* Shared */,
				B233B3C925D6A1FC002EFB3A /* Categories */,
				B26F5F4525D92170002B48EE /* Category Values */,
				B26BA07E25C8142700C26B69 /* Allocations */,
				B2DC95AB25E01D5D00FDE49D /* Attachments */,
				B2844F7525B5F6090010A04C /* Meals & Meal Category Values */,
				B256F1C525CD4C7800EA1948 /* Reuseable UI Components */,
				B2844FAA25B99F360010A04C /* Libraries */,
				B212868125B1B29800557221 /* Preview Content */,
			);
			path = Wots4T;
			sourceTree = "<group>";
		};
		B212868125B1B29800557221 /* Preview Content */ = {
			isa = PBXGroup;
			children = (
				B212868225B1B29800557221 /* Preview Assets.xcassets */,
			);
			path = "Preview Content";
			sourceTree = "<group>";
		};
		B233B3C925D6A1FC002EFB3A /* Categories */ = {
			isa = PBXGroup;
			children = (
				B233B3CA25D6A21D002EFB3A /* Category Managed Object.swift */,
				B216445D25D6A84A00F19F4A /* Category View Model.swift */,
				B2FABBFD25D6EC760008859E /* Category List View.swift */,
				B26F5F4A25D921D9002B48EE /* Category Edit View.swift */,
			);
			name = Categories;
			sourceTree = "<group>";
		};
		B256F1C525CD4C7800EA1948 /* Reuseable UI Components */ = {
			isa = PBXGroup;
			children = (
				B256F1C125CD4C4400EA1948 /* Banner.swift */,
				B26F5F5625D95649002B48EE /* Input Title.swift */,
				B233B3B025D453F4002EFB3A /* Input.swift */,
				B26F5F4E25D927A2002B48EE /* Picker Input.swift */,
				B233B3B325D45425002EFB3A /* Add Image.swift */,
				B233B3BE25D5292B002EFB3A /* Image Capture.swift */,
				B2C678EF25E3AFC6003E5DE8 /* Separator.swift */,
				B2F0AEC125E6463E0021FBDB /* Swipe Gestures.swift */,
			);
			name = "Reuseable UI Components";
			sourceTree = "<group>";
		};
		B26BA07E25C8142700C26B69 /* Allocations */ = {
			isa = PBXGroup;
			children = (
				B26BA08025C827E500C26B69 /* Allocation Managed Object.swift */,
				B26BA09725C96E3E00C26B69 /* Allocation View Model.swift */,
				B26BA08F25C8554B00C26B69 /* Calendar View.swift */,
			);
			name = Allocations;
			sourceTree = "<group>";
		};
		B26BA08325C82A7F00C26B69 /* Shared */ = {
			isa = PBXGroup;
			children = (
				B26BA08425C82AAE00C26B69 /* Declarations.swift */,
			);
			name = Shared;
			sourceTree = "<group>";
		};
		B26F5F4525D92170002B48EE /* Category Values */ = {
			isa = PBXGroup;
			children = (
				B233B3CE25D6A22C002EFB3A /* Category Value Managed Object.swift */,
				B216446025D6A86400F19F4A /* Category Value View Model.swift */,
				B26F5F5125D95197002B48EE /* Category Value List View.swift */,
				B26F5F4625D92198002B48EE /* Category Value Edit View.swift */,
			);
			name = "Category Values";
			sourceTree = "<group>";
		};
		B2844F6C25B5F3CB0010A04C /* Standard Components */ = {
			isa = PBXGroup;
			children = (
				B212867B25B1B29700557221 /* Wots4TApp.swift */,
				B212868625B1B29800557221 /* Wots4T.xcdatamodeld */,
				B212868425B1B29800557221 /* Persistence.swift */,
				B212867F25B1B29800557221 /* Assets.xcassets */,
				B212868925B1B29800557221 /* Info.plist */,
				B2844FAB25B9A0220010A04C /* DataModel.swift */,
				B26F5F5F25DAC03D002B48EE /* Preview Data.swift */,
			);
			name = "Standard Components";
			sourceTree = "<group>";
		};
		B2844F7525B5F6090010A04C /* Meals & Meal Category Values */ = {
			isa = PBXGroup;
			children = (
				B2DC95A325E019B000FDE49D /* Meal Managed Objects */,
				B2844F7625B5F6370010A04C /* Meal View Model.swift */,
				B212867D25B1B29700557221 /* Meal List View.swift */,
				B256F1BB25CC710700EA1948 /* Meal Summary View.swift */,
				B256F1C825CDA42000EA1948 /* Meal Edit View.swift */,
				B26F5F6225DAC2CA002B48EE /* Meal Display View.swift */,
			);
			name = "Meals & Meal Category Values";
			sourceTree = "<group>";
		};
		B2844FAA25B99F360010A04C /* Libraries */ = {
			isa = PBXGroup;
			children = (
				B2844FA725B99F300010A04C /* Core Data.swift */,
				B26BA08825C82E9A00C26B69 /* String Extensions.swift */,
				B26BA08C25C82F2400C26B69 /* Other Extensions.swift */,
				B26BA09425C861FC00C26B69 /* Date Extensions.swift */,
				B256F1B225CAC3C300EA1948 /* Day Number.swift */,
				B256F1B625CC3E1D00EA1948 /* Link Presentation.swift */,
				B256F1BE25CD451600EA1948 /* Utility.swift */,
				B2F0AEC425E6CFDF0021FBDB /* Utility Extension.swift */,
				B2C678E925E26AA6003E5DE8 /* Palette.swift */,
				B2C678EC25E26AD8003E5DE8 /* Themes.swift */,
			);
			name = Libraries;
			sourceTree = "<group>";
		};
		B2C678FA25E4E7B2003E5DE8 /* Frameworks */ = {
			isa = PBXGroup;
			children = (
				B2C678FB25E4E7B2003E5DE8 /* CloudKit.framework */,
			);
			name = Frameworks;
			sourceTree = "<group>";
		};
		B2DC95A325E019B000FDE49D /* Meal Managed Objects */ = {
			isa = PBXGroup;
			children = (
				B2844F9425B5FF010010A04C /* Meal Managed Object.swift */,
				B2844F9E25B6DFAB0010A04C /* Meal Category Value Managed Object.swift */,
				B2DC95A425E019D500FDE49D /* Meal Attachment Managed Object.swift */,
			);
			name = "Meal Managed Objects";
			sourceTree = "<group>";
		};
		B2DC95AB25E01D5D00FDE49D /* Attachments */ = {
			isa = PBXGroup;
			children = (
				B2DC95A825E01CA600FDE49D /* Attachment View Model.swift */,
				B2DC95AD25E02AC900FDE49D /* Attachment View.swift */,
			);
			name = Attachments;
			sourceTree = "<group>";
		};
/* End PBXGroup section */

/* Begin PBXNativeTarget section */
		B212867725B1B29700557221 /* Wots4T */ = {
			isa = PBXNativeTarget;
			buildConfigurationList = B212868C25B1B29800557221 /* Build configuration list for PBXNativeTarget "Wots4T" */;
			buildPhases = (
				B212867425B1B29700557221 /* Sources */,
				B212867525B1B29700557221 /* Frameworks */,
				B212867625B1B29700557221 /* Resources */,
			);
			buildRules = (
			);
			dependencies = (
			);
			name = Wots4T;
			productName = Wots4T;
			productReference = B212867825B1B29700557221 /* Wots4T.app */;
			productType = "com.apple.product-type.application";
		};
/* End PBXNativeTarget section */

/* Begin PBXProject section */
		B212867025B1B29700557221 /* Project object */ = {
			isa = PBXProject;
			attributes = {
				LastSwiftUpdateCheck = 1230;
				LastUpgradeCheck = 1230;
				TargetAttributes = {
					B212867725B1B29700557221 = {
						CreatedOnToolsVersion = 12.3;
					};
				};
			};
			buildConfigurationList = B212867325B1B29700557221 /* Build configuration list for PBXProject "Wots4T" */;
			compatibilityVersion = "Xcode 9.3";
			developmentRegion = en;
			hasScannedForEncodings = 0;
			knownRegions = (
				en,
				Base,
			);
			mainGroup = B212866F25B1B29700557221;
			productRefGroup = B212867925B1B29700557221 /* Products */;
			projectDirPath = "";
			projectRoot = "";
			targets = (
				B212867725B1B29700557221 /* Wots4T */,
			);
		};
/* End PBXProject section */

/* Begin PBXResourcesBuildPhase section */
		B212867625B1B29700557221 /* Resources */ = {
			isa = PBXResourcesBuildPhase;
			buildActionMask = 2147483647;
			files = (
				B212868325B1B29800557221 /* Preview Assets.xcassets in Resources */,
				B212868025B1B29800557221 /* Assets.xcassets in Resources */,
			);
			runOnlyForDeploymentPostprocessing = 0;
		};
/* End PBXResourcesBuildPhase section */

/* Begin PBXSourcesBuildPhase section */
		B212867425B1B29700557221 /* Sources */ = {
			isa = PBXSourcesBuildPhase;
			buildActionMask = 2147483647;
			files = (
				B256F1BF25CD451600EA1948 /* Utility.swift in Sources */,
				B256F1B725CC3E1D00EA1948 /* Link Presentation.swift in Sources */,
				B2844F9625B5FF010010A04C /* Meal Managed Object.swift in Sources */,
				B26F5F5225D95197002B48EE /* Category Value List View.swift in Sources */,
				B212868825B1B29800557221 /* Wots4T.xcdatamodeld in Sources */,
				B26F5F6325DAC2CA002B48EE /* Meal Display View.swift in Sources */,
				B26BA09025C8554B00C26B69 /* Calendar View.swift in Sources */,
				B2C678ED25E26AD8003E5DE8 /* Themes.swift in Sources */,
				B26BA08525C82AAE00C26B69 /* Declarations.swift in Sources */,
				B212868525B1B29800557221 /* Persistence.swift in Sources */,
				B2844FAC25B9A0220010A04C /* DataModel.swift in Sources */,
				B26F5F6025DAC03D002B48EE /* Preview Data.swift in Sources */,
				B2FABBFE25D6EC760008859E /* Category List View.swift in Sources */,
				B26BA09525C861FC00C26B69 /* Date Extensions.swift in Sources */,
				B2DC95A925E01CA600FDE49D /* Attachment View Model.swift in Sources */,
				B26F5F4F25D927A2002B48EE /* Picker Input.swift in Sources */,
				B233B3B125D453F4002EFB3A /* Input.swift in Sources */,
				B216445E25D6A84A00F19F4A /* Category View Model.swift in Sources */,
				B26BA08925C82E9A00C26B69 /* String Extensions.swift in Sources */,
				B216446125D6A86400F19F4A /* Category Value View Model.swift in Sources */,
				B2C678F025E3AFC6003E5DE8 /* Separator.swift in Sources */,
				B26BA09825C96E3E00C26B69 /* Allocation View Model.swift in Sources */,
				B2F0AEC525E6CFDF0021FBDB /* Utility Extension.swift in Sources */,
				B256F1C925CDA42000EA1948 /* Meal Edit View.swift in Sources */,
				B256F1B325CAC3C300EA1948 /* Day Number.swift in Sources */,
				B2DC95A525E019D500FDE49D /* Meal Attachment Managed Object.swift in Sources */,
				B233B3B425D45425002EFB3A /* Add Image.swift in Sources */,
				B26F5F4B25D921D9002B48EE /* Category Edit View.swift in Sources */,
				B26F5F4725D92198002B48EE /* Category Value Edit View.swift in Sources */,
				B256F1C225CD4C4400EA1948 /* Banner.swift in Sources */,
				B2844F7725B5F6370010A04C /* Meal View Model.swift in Sources */,
				B2DC95AE25E02AC900FDE49D /* Attachment View.swift in Sources */,
				B256F1BC25CC710700EA1948 /* Meal Summary View.swift in Sources */,
				B212867E25B1B29700557221 /* Meal List View.swift in Sources */,
				B26BA08D25C82F2400C26B69 /* Other Extensions.swift in Sources */,
				B233B3CF25D6A22C002EFB3A /* Category Value Managed Object.swift in Sources */,
				B26BA08125C827E500C26B69 /* Allocation Managed Object.swift in Sources */,
				B26F5F5725D95649002B48EE /* Input Title.swift in Sources */,
				B233B3BF25D5292B002EFB3A /* Image Capture.swift in Sources */,
				B2844FA825B99F300010A04C /* Core Data.swift in Sources */,
				B212867C25B1B29700557221 /* Wots4TApp.swift in Sources */,
				B233B3CB25D6A21D002EFB3A /* Category Managed Object.swift in Sources */,
				B2F0AEC225E6463E0021FBDB /* Swipe Gestures.swift in Sources */,
				B2844FA025B6DFAB0010A04C /* Meal Category Value Managed Object.swift in Sources */,
				B2C678EA25E26AA6003E5DE8 /* Palette.swift in Sources */,
			);
			runOnlyForDeploymentPostprocessing = 0;
		};
/* End PBXSourcesBuildPhase section */

/* Begin XCBuildConfiguration section */
		B212868A25B1B29800557221 /* Debug */ = {
			isa = XCBuildConfiguration;
			buildSettings = {
				ALWAYS_SEARCH_USER_PATHS = NO;
				CLANG_ANALYZER_NONNULL = YES;
				CLANG_ANALYZER_NUMBER_OBJECT_CONVERSION = YES_AGGRESSIVE;
				CLANG_CXX_LANGUAGE_STANDARD = "gnu++14";
				CLANG_CXX_LIBRARY = "libc++";
				CLANG_ENABLE_MODULES = YES;
				CLANG_ENABLE_OBJC_ARC = YES;
				CLANG_ENABLE_OBJC_WEAK = YES;
				CLANG_WARN_BLOCK_CAPTURE_AUTORELEASING = YES;
				CLANG_WARN_BOOL_CONVERSION = YES;
				CLANG_WARN_COMMA = YES;
				CLANG_WARN_CONSTANT_CONVERSION = YES;
				CLANG_WARN_DEPRECATED_OBJC_IMPLEMENTATIONS = YES;
				CLANG_WARN_DIRECT_OBJC_ISA_USAGE = YES_ERROR;
				CLANG_WARN_DOCUMENTATION_COMMENTS = YES;
				CLANG_WARN_EMPTY_BODY = YES;
				CLANG_WARN_ENUM_CONVERSION = YES;
				CLANG_WARN_INFINITE_RECURSION = YES;
				CLANG_WARN_INT_CONVERSION = YES;
				CLANG_WARN_NON_LITERAL_NULL_CONVERSION = YES;
				CLANG_WARN_OBJC_IMPLICIT_RETAIN_SELF = YES;
				CLANG_WARN_OBJC_LITERAL_CONVERSION = YES;
				CLANG_WARN_OBJC_ROOT_CLASS = YES_ERROR;
				CLANG_WARN_QUOTED_INCLUDE_IN_FRAMEWORK_HEADER = YES;
				CLANG_WARN_RANGE_LOOP_ANALYSIS = YES;
				CLANG_WARN_STRICT_PROTOTYPES = YES;
				CLANG_WARN_SUSPICIOUS_MOVE = YES;
				CLANG_WARN_UNGUARDED_AVAILABILITY = YES_AGGRESSIVE;
				CLANG_WARN_UNREACHABLE_CODE = YES;
				CLANG_WARN__DUPLICATE_METHOD_MATCH = YES;
				COPY_PHASE_STRIP = NO;
				DEBUG_INFORMATION_FORMAT = dwarf;
				ENABLE_STRICT_OBJC_MSGSEND = YES;
				ENABLE_TESTABILITY = YES;
				GCC_C_LANGUAGE_STANDARD = gnu11;
				GCC_DYNAMIC_NO_PIC = NO;
				GCC_NO_COMMON_BLOCKS = YES;
				GCC_OPTIMIZATION_LEVEL = 0;
				GCC_PREPROCESSOR_DEFINITIONS = (
					"DEBUG=1",
					"$(inherited)",
				);
				GCC_WARN_64_TO_32_BIT_CONVERSION = YES;
				GCC_WARN_ABOUT_RETURN_TYPE = YES_ERROR;
				GCC_WARN_UNDECLARED_SELECTOR = YES;
				GCC_WARN_UNINITIALIZED_AUTOS = YES_AGGRESSIVE;
				GCC_WARN_UNUSED_FUNCTION = YES;
				GCC_WARN_UNUSED_VARIABLE = YES;
				IPHONEOS_DEPLOYMENT_TARGET = 14.3;
				MTL_ENABLE_DEBUG_INFO = INCLUDE_SOURCE;
				MTL_FAST_MATH = YES;
				ONLY_ACTIVE_ARCH = YES;
				SDKROOT = iphoneos;
				SWIFT_ACTIVE_COMPILATION_CONDITIONS = DEBUG;
				SWIFT_OPTIMIZATION_LEVEL = "-Onone";
			};
			name = Debug;
		};
		B212868B25B1B29800557221 /* Release */ = {
			isa = XCBuildConfiguration;
			buildSettings = {
				ALWAYS_SEARCH_USER_PATHS = NO;
				CLANG_ANALYZER_NONNULL = YES;
				CLANG_ANALYZER_NUMBER_OBJECT_CONVERSION = YES_AGGRESSIVE;
				CLANG_CXX_LANGUAGE_STANDARD = "gnu++14";
				CLANG_CXX_LIBRARY = "libc++";
				CLANG_ENABLE_MODULES = YES;
				CLANG_ENABLE_OBJC_ARC = YES;
				CLANG_ENABLE_OBJC_WEAK = YES;
				CLANG_WARN_BLOCK_CAPTURE_AUTORELEASING = YES;
				CLANG_WARN_BOOL_CONVERSION = YES;
				CLANG_WARN_COMMA = YES;
				CLANG_WARN_CONSTANT_CONVERSION = YES;
				CLANG_WARN_DEPRECATED_OBJC_IMPLEMENTATIONS = YES;
				CLANG_WARN_DIRECT_OBJC_ISA_USAGE = YES_ERROR;
				CLANG_WARN_DOCUMENTATION_COMMENTS = YES;
				CLANG_WARN_EMPTY_BODY = YES;
				CLANG_WARN_ENUM_CONVERSION = YES;
				CLANG_WARN_INFINITE_RECURSION = YES;
				CLANG_WARN_INT_CONVERSION = YES;
				CLANG_WARN_NON_LITERAL_NULL_CONVERSION = YES;
				CLANG_WARN_OBJC_IMPLICIT_RETAIN_SELF = YES;
				CLANG_WARN_OBJC_LITERAL_CONVERSION = YES;
				CLANG_WARN_OBJC_ROOT_CLASS = YES_ERROR;
				CLANG_WARN_QUOTED_INCLUDE_IN_FRAMEWORK_HEADER = YES;
				CLANG_WARN_RANGE_LOOP_ANALYSIS = YES;
				CLANG_WARN_STRICT_PROTOTYPES = YES;
				CLANG_WARN_SUSPICIOUS_MOVE = YES;
				CLANG_WARN_UNGUARDED_AVAILABILITY = YES_AGGRESSIVE;
				CLANG_WARN_UNREACHABLE_CODE = YES;
				CLANG_WARN__DUPLICATE_METHOD_MATCH = YES;
				COPY_PHASE_STRIP = NO;
				DEBUG_INFORMATION_FORMAT = "dwarf-with-dsym";
				ENABLE_NS_ASSERTIONS = NO;
				ENABLE_STRICT_OBJC_MSGSEND = YES;
				GCC_C_LANGUAGE_STANDARD = gnu11;
				GCC_NO_COMMON_BLOCKS = YES;
				GCC_WARN_64_TO_32_BIT_CONVERSION = YES;
				GCC_WARN_ABOUT_RETURN_TYPE = YES_ERROR;
				GCC_WARN_UNDECLARED_SELECTOR = YES;
				GCC_WARN_UNINITIALIZED_AUTOS = YES_AGGRESSIVE;
				GCC_WARN_UNUSED_FUNCTION = YES;
				GCC_WARN_UNUSED_VARIABLE = YES;
				IPHONEOS_DEPLOYMENT_TARGET = 14.3;
				MTL_ENABLE_DEBUG_INFO = NO;
				MTL_FAST_MATH = YES;
				SDKROOT = iphoneos;
				SWIFT_COMPILATION_MODE = wholemodule;
				SWIFT_OPTIMIZATION_LEVEL = "-O";
				VALIDATE_PRODUCT = YES;
			};
			name = Release;
		};
		B212868D25B1B29800557221 /* Debug */ = {
			isa = XCBuildConfiguration;
			buildSettings = {
				ASSETCATALOG_COMPILER_APPICON_NAME = AppIcon;
				ASSETCATALOG_COMPILER_GLOBAL_ACCENT_COLOR_NAME = AccentColor;
				CODE_SIGN_ENTITLEMENTS = Wots4T/Wots4T.entitlements;
				CODE_SIGN_STYLE = Automatic;
				DEVELOPMENT_ASSET_PATHS = "\"Wots4T/Preview Content\"";
				DEVELOPMENT_TEAM = 3T7CT2S464;
				ENABLE_PREVIEWS = YES;
				INFOPLIST_FILE = Wots4T/Info.plist;
				IPHONEOS_DEPLOYMENT_TARGET = 14.0;
				LD_RUNPATH_SEARCH_PATHS = (
					"$(inherited)",
					"@executable_path/Frameworks",
				);
				PRODUCT_BUNDLE_IDENTIFIER = MarcShearer.Wots4T;
				PRODUCT_NAME = "$(TARGET_NAME)";
				SWIFT_VERSION = 5.0;
				TARGETED_DEVICE_FAMILY = "1,2";
			};
			name = Debug;
		};
		B212868E25B1B29800557221 /* Release */ = {
			isa = XCBuildConfiguration;
			buildSettings = {
				ASSETCATALOG_COMPILER_APPICON_NAME = AppIcon;
				ASSETCATALOG_COMPILER_GLOBAL_ACCENT_COLOR_NAME = AccentColor;
				CODE_SIGN_ENTITLEMENTS = Wots4T/Wots4T.entitlements;
				CODE_SIGN_STYLE = Automatic;
				DEVELOPMENT_ASSET_PATHS = "\"Wots4T/Preview Content\"";
				DEVELOPMENT_TEAM = 3T7CT2S464;
				ENABLE_PREVIEWS = YES;
				INFOPLIST_FILE = Wots4T/Info.plist;
				IPHONEOS_DEPLOYMENT_TARGET = 14.0;
				LD_RUNPATH_SEARCH_PATHS = (
					"$(inherited)",
					"@executable_path/Frameworks",
				);
				PRODUCT_BUNDLE_IDENTIFIER = MarcShearer.Wots4T;
				PRODUCT_NAME = "$(TARGET_NAME)";
				SWIFT_VERSION = 5.0;
				TARGETED_DEVICE_FAMILY = "1,2";
			};
			name = Release;
		};
/* End XCBuildConfiguration section */

/* Begin XCConfigurationList section */
		B212867325B1B29700557221 /* Build configuration list for PBXProject "Wots4T" */ = {
			isa = XCConfigurationList;
			buildConfigurations = (
				B212868A25B1B29800557221 /* Debug */,
				B212868B25B1B29800557221 /* Release */,
			);
			defaultConfigurationIsVisible = 0;
			defaultConfigurationName = Release;
		};
		B212868C25B1B29800557221 /* Build configuration list for PBXNativeTarget "Wots4T" */ = {
			isa = XCConfigurationList;
			buildConfigurations = (
				B212868D25B1B29800557221 /* Debug */,
				B212868E25B1B29800557221 /* Release */,
			);
			defaultConfigurationIsVisible = 0;
			defaultConfigurationName = Release;
		};
/* End XCConfigurationList section */

/* Begin XCVersionGroup section */
		B212868625B1B29800557221 /* Wots4T.xcdatamodeld */ = {
			isa = XCVersionGroup;
			children = (
				B212868725B1B29800557221 /* Wots4T.xcdatamodel */,
			);
			currentVersion = B212868725B1B29800557221 /* Wots4T.xcdatamodel */;
			path = Wots4T.xcdatamodeld;
			sourceTree = "<group>";
			versionGroupType = wrapper.xcdatamodel;
		};
/* End XCVersionGroup section */
	};
	rootObject = B212867025B1B29700557221 /* Project object */;
}
